<?xml version="1.0" encoding="utf-8"?>
<Project ToolsVersion="4.0" xmlns="http://schemas.microsoft.com/developer/msbuild/2003">
  <ItemGroup>
    <ClCompile Include="..\..\Src\MotorUnitario\Component.cpp" />
    <ClCompile Include="..\..\Src\MotorUnitario\ComponentFactory.cpp" />
    <ClCompile Include="..\..\Src\MotorUnitario\ComponentsFactory.cpp" />
    <ClCompile Include="..\..\Src\MotorUnitario\Engine.cpp" />
    <ClCompile Include="..\..\Src\MotorUnitario\GameObject.cpp" />
    <ClCompile Include="..\..\Src\MotorUnitario\GamePadInput.cpp" />
    <ClCompile Include="..\..\Src\MotorUnitario\InputManager.cpp" />
    <ClCompile Include="..\..\Src\MotorUnitario\KeyboardInput.cpp" />
    <ClCompile Include="..\..\Src\MotorUnitario\ListenerComponent.cpp" />
    <ClCompile Include="..\..\Src\MotorUnitario\Logger.cpp" />
    <ClCompile Include="..\..\Src\MotorUnitario\main.cpp" />
    <ClCompile Include="..\..\Src\MotorUnitario\MouseInput.cpp" />
    <ClCompile Include="..\..\Src\MotorUnitario\Transform.cpp" />
    <ClCompile Include="..\..\Src\MotorUnitario\Vector3.cpp" />
    <ClCompile Include="..\..\Src\MotorUnitario\AudioSourceComponent.cpp" />
    <ClCompile Include="..\..\Src\MotorUnitario\ColliderComponent.cpp" />
    <ClCompile Include="..\..\Src\MotorUnitario\RigidBodyComponent.cpp" />
  </ItemGroup>
  <ItemGroup>
    <ClInclude Include="..\..\Src\MotorUnitario\Component.h" />
    <ClInclude Include="..\..\Src\MotorUnitario\ComponentFactory.h" />
    <ClInclude Include="..\..\Src\MotorUnitario\ComponentsFactory.h" />
    <ClInclude Include="..\..\Src\MotorUnitario\Engine.h" />
    <ClInclude Include="..\..\Src\MotorUnitario\Exceptions.h" />
    <ClInclude Include="..\..\Src\MotorUnitario\GameObject.h" />
    <ClInclude Include="..\..\Src\MotorUnitario\GamePadCodes.h" />
    <ClInclude Include="..\..\Src\MotorUnitario\GamePadInput.h" />
    <ClInclude Include="..\..\Src\MotorUnitario\InputManager.h" />
    <ClInclude Include="..\..\Src\MotorUnitario\KeyboardInput.h" />
    <ClInclude Include="..\..\Src\MotorUnitario\KeyCodes.h" />
    <ClInclude Include="..\..\Src\MotorUnitario\ListenerComponent.h" />
    <ClInclude Include="..\..\Src\MotorUnitario\Logger.h" />
    <ClInclude Include="..\..\Src\MotorUnitario\MouseInput.h" />
    <ClInclude Include="..\..\Src\MotorUnitario\Transform.h" />
    <ClInclude Include="..\..\Src\MotorUnitario\Vector3.h" />
    <ClInclude Include="..\..\Src\MotorUnitario\AudioSourceComponent.h" />
    <ClInclude Include="..\..\Src\MotorUnitario\ColliderComponent.h" />
    <ClInclude Include="..\..\Src\MotorUnitario\RigidBodyComponent.h" />
  </ItemGroup>
</Project>