<?xml version="1.0" encoding="utf-8"?>
<Project ToolsVersion="4.0" xmlns="http://schemas.microsoft.com/developer/msbuild/2003">
  <ItemGroup>
    <ClCompile Include="..\..\Src\MotorGrafico\main.cpp">
      <Filter>Archivos de origen</Filter>
    </ClCompile>
    <ClCompile Include="..\..\Src\MotorGrafico\RenderObject.cpp">
    <ClCompile Include="..\..\Src\MotorGrafico\GraphicsEngine.cpp">
      <Filter>Archivos de origen</Filter>
    </ClCompile>
    <ClCompile Include="..\..\Src\MotorGrafico\Camera.cpp">
      <Filter>Archivos de origen</Filter>
    </ClCompile>
    <ClCompile Include="..\..\Src\MotorGrafico\ParticleSystem.cpp">
    <ClCompile Include="..\..\Src\MotorGrafico\Light.cpp">
      <Filter>Archivos de origen</Filter>
    </ClCompile>
    <ClCompile Include="..\..\Src\MotorGrafico\RTSSDefaultTechniqueListener.cpp">
    <ClCompile Include="..\..\Src\MotorGrafico\Animator.cpp">
      <Filter>Archivos de origen</Filter>
    </ClCompile>
  </ItemGroup>
  <ItemGroup>
    <ClInclude Include="..\..\Src\MotorGrafico\main.h">
      <Filter>Archivos de encabezado</Filter>
    </ClInclude>
    <ClInclude Include="..\..\Src\MotorGrafico\Exceptions.h">
      <Filter>Archivos de encabezado</Filter>
    </ClInclude>
    <ClInclude Include="..\..\Src\MotorGrafico\RenderObject.h">
    <ClInclude Include="..\..\Src\MotorGrafico\GraphicsEngine.h">
      <Filter>Archivos de encabezado</Filter>
    </ClInclude>
    <ClInclude Include="..\..\Src\MotorGrafico\Camera.h">
      <Filter>Archivos de encabezado</Filter>
    </ClInclude>
    <ClInclude Include="..\..\Src\MotorGrafico\ParticleSystem.h">
    <ClInclude Include="..\..\Src\MotorGrafico\Colour.h">
      <Filter>Archivos de encabezado</Filter>
    </ClInclude>
    <ClInclude Include="..\..\Src\MotorGrafico\Light.h">
      <Filter>Archivos de encabezado</Filter>
    </ClInclude>
    <ClInclude Include="..\..\Src\MotorGrafico\RTSSDefaultTechniqueListener.h">
    <ClInclude Include="..\..\Src\MotorGrafico\Animator.h">
      <Filter>Archivos de encabezado</Filter>
    </ClInclude>
  </ItemGroup>
</Project>